{
  "requires": true,
  "lockfileVersion": 1,
  "dependencies": {
    "moment": {
      "version": "2.29.1",
      "resolved": "https://registry.npmjs.org/moment/-/moment-2.29.1.tgz",
      "integrity": "sha512-kHmoybcPV8Sqy59DwNDY3Jefr64lK/by/da0ViFcuA4DH0vQg5Q6Ze5VimxkfQNSC+Mls/Kx53s7TjP1RhFEDQ=="
    },
    "toolkit-js": {
      "version": "1.1.4",
      "resolved": "https://registry.npmjs.org/toolkit-js/-/toolkit-js-1.1.4.tgz",
      "integrity": "sha1-KfRKmzMqBUjtKJ896/Z1xT3lid0=",
      "requires": {
        "moment": "^2.17.0"
      }
    }
  }
}
